
Microsoft Visual Studio Solution File, Format Version 12.00
# Visual Studio Version 17
VisualStudioVersion = 17.9.34616.47
MinimumVisualStudioVersion = 10.0.40219.1
Project("{F184B08F-C81C-45F6-A57F-5ABD9991F28F}") = "Caclculator_Madaya", "Caclculator_Madaya.vbproj", "{73D5761C-2944-4B6C-A583-4B219D060724}"
EndProject
Global
	GlobalSection(SolutionConfigurationPlatforms) = preSolution
		Debug|Any CPU = Debug|Any CPU
		Release|Any CPU = Release|Any CPU
	EndGlobalSection
	GlobalSection(ProjectConfigurationPlatforms) = postSolution
		{73D5761C-2944-4B6C-A583-4B219D060724}.Debug|Any CPU.ActiveCfg = Debug|Any CPU
		{73D5761C-2944-4B6C-A583-4B219D060724}.Debug|Any CPU.Build.0 = Debug|Any CPU
		{73D5761C-2944-4B6C-A583-4B219D060724}.Release|Any CPU.ActiveCfg = Release|Any CPU
		{73D5761C-2944-4B6C-A583-4B219D060724}.Release|Any CPU.Build.0 = Release|Any CPU
	EndGlobalSection
	GlobalSection(SolutionProperties) = preSolution
		HideSolutionNode = FALSE
	EndGlobalSection
	GlobalSection(ExtensibilityGlobals) = postSolution
		SolutionGuid = {525FE017-E345-4020-9199-E8872DA03582}
	EndGlobalSection
EndGlobal
